// !$*UTF8*$!
{
	archiveVersion = 1;
	classes = {
	};
	objectVersion = 46;
	objects = {

/* Begin PBXBuildFile section */
		C4336B861EE9C70700EFA74E /* AppDelegate.swift in Sources */ = {isa = PBXBuildFile; fileRef = C4336B851EE9C70700EFA74E /* AppDelegate.swift */; };
		C4336B881EE9C70700EFA74E /* ViewController.swift in Sources */ = {isa = PBXBuildFile; fileRef = C4336B871EE9C70700EFA74E /* ViewController.swift */; };
		C4336B8B1EE9C70700EFA74E /* Main.storyboard in Resources */ = {isa = PBXBuildFile; fileRef = C4336B891EE9C70700EFA74E /* Main.storyboard */; };
		C4336B8D1EE9C70700EFA74E /* Assets.xcassets in Resources */ = {isa = PBXBuildFile; fileRef = C4336B8C1EE9C70700EFA74E /* Assets.xcassets */; };
		C4336B901EE9C70700EFA74E /* LaunchScreen.storyboard in Resources */ = {isa = PBXBuildFile; fileRef = C4336B8E1EE9C70700EFA74E /* LaunchScreen.storyboard */; };
/* End PBXBuildFile section */

/* Begin PBXFileReference section */
		C4336B821EE9C70700EFA74E /* Test Label TextField Button.app */ = {isa = PBXFileReference; explicitFileType = wrapper.application; includeInIndex = 0; path = "Test Label TextField Button.app"; sourceTree = BUILT_PRODUCTS_DIR; };
		C4336B851EE9C70700EFA74E /* AppDelegate.swift */ = {isa = PBXFileReference; lastKnownFileType = sourcecode.swift; path = AppDelegate.swift; sourceTree = "<group>"; };
		C4336B871EE9C70700EFA74E /* ViewController.swift */ = {isa = PBXFileReference; lastKnownFileType = sourcecode.swift; path = ViewController.swift; sourceTree = "<group>"; };
		C4336B8A1EE9C70700EFA74E /* Base */ = {isa = PBXFileReference; lastKnownFileType = file.storyboard; name = Base; path = Base.lproj/Main.storyboard; sourceTree = "<group>"; };
		C4336B8C1EE9C70700EFA74E /* Assets.xcassets */ = {isa = PBXFileReference; lastKnownFileType = folder.assetcatalog; path = Assets.xcassets; sourceTree = "<group>"; };
		C4336B8F1EE9C70700EFA74E /* Base */ = {isa = PBXFileReference; lastKnownFileType = file.storyboard; name = Base; path = Base.lproj/LaunchScreen.storyboard; sourceTree = "<group>"; };
		C4336B911EE9C70700EFA74E /* Info.plist */ = {isa = PBXFileReference; lastKnownFileType = text.plist.xml; path = Info.plist; sourceTree = "<group>"; };
/* End PBXFileReference section */

/* Begin PBXFrameworksBuildPhase section */
		C4336B7F1EE9C70700EFA74E /* Frameworks */ = {
			isa = PBXFrameworksBuildPhase;
			buildActionMask = 2147483647;
			files = (
			);
			runOnlyForDeploymentPostprocessing = 0;
		};
/* End PBXFrameworksBuildPhase section */

/* Begin PBXGroup section */
		C4336B791EE9C70700EFA74E = {
			isa = PBXGroup;
			children = (
				C4336B841EE9C70700EFA74E /* Test Label TextField Button */,
				C4336B831EE9C70700EFA74E /* Products */,
			);
			sourceTree = "<group>";
		};
		C4336B831EE9C70700EFA74E /* Products */ = {
			isa = PBXGroup;
			children = (
				C4336B821EE9C70700EFA74E /* Test Label TextField Button.app */,
			);
			name = Products;
			sourceTree = "<group>";
		};
		C4336B841EE9C70700EFA74E /* Test Label TextField Button */ = {
			isa = PBXGroup;
			children = (
				C4336B851EE9C70700EFA74E /* AppDelegate.swift */,
				C4336B871EE9C70700EFA74E /* ViewController.swift */,
				C4336B891EE9C70700EFA74E /* Main.storyboard */,
				C4336B8C1EE9C70700EFA74E /* Assets.xcassets */,
				C4336B8E1EE9C70700EFA74E /* LaunchScreen.storyboard */,
				C4336B911EE9C70700EFA74E /* Info.plist */,
			);
			path = "Test Label TextField Button";
			sourceTree = "<group>";
		};
/* End PBXGroup section */

/* Begin PBXNativeTarget section */
		C4336B811EE9C70700EFA74E /* Test Label TextField Button */ = {
			isa = PBXNativeTarget;
			buildConfigurationList = C4336B941EE9C70700EFA74E /* Build configuration list for PBXNativeTarget "Test Label TextField Button" */;
			buildPhases = (
				C4336B7E1EE9C70700EFA74E /* Sources */,
				C4336B7F1EE9C70700EFA74E /* Frameworks */,
				C4336B801EE9C70700EFA74E /* Resources */,
			);
			buildRules = (
			);
			dependencies = (
			);
			name = "Test Label TextField Button";
			productName = "Test Label TextField Button";
			productReference = C4336B821EE9C70700EFA74E /* Test Label TextField Button.app */;
			productType = "com.apple.product-type.application";
		};
/* End PBXNativeTarget section */

/* Begin PBXProject section */
		C4336B7A1EE9C70700EFA74E /* Project object */ = {
			isa = PBXProject;
			attributes = {
				LastSwiftUpdateCheck = 0830;
				LastUpgradeCheck = 0830;
				ORGANIZATIONNAME = EWTC;
				TargetAttributes = {
					C4336B811EE9C70700EFA74E = {
						CreatedOnToolsVersion = 8.3.3;
						ProvisioningStyle = Automatic;
					};
				};
			};
			buildConfigurationList = C4336B7D1EE9C70700EFA74E /* Build configuration list for PBXProject "Test Label TextField Button" */;
			compatibilityVersion = "Xcode 3.2";
			developmentRegion = English;
			hasScannedForEncodings = 0;
			knownRegions = (
				en,
				Base,
			);
			mainGroup = C4336B791EE9C70700EFA74E;
			productRefGroup = C4336B831EE9C70700EFA74E /* Products */;
			projectDirPath = "";
			projectRoot = "";
			targets = (
				C4336B811EE9C70700EFA74E /* Test Label TextField Button */,
			);
		};
/* End PBXProject section */

/* Begin PBXResourcesBuildPhase section */
		C4336B801EE9C70700EFA74E /* Resources */ = {
			isa = PBXResourcesBuildPhase;
			buildActionMask = 2147483647;
			files = (
				C4336B901EE9C70700EFA74E /* LaunchScreen.storyboard in Resources */,
				C4336B8D1EE9C70700EFA74E /* Assets.xcassets in Resources */,
				C4336B8B1EE9C70700EFA74E /* Main.storyboard in Resources */,
			);
			runOnlyForDeploymentPostprocessing = 0;
		};
/* End PBXResourcesBuildPhase section */

/* Begin PBXSourcesBuildPhase section */
		C4336B7E1EE9C70700EFA74E /* Sources */ = {
			isa = PBXSourcesBuildPhase;
			buildActionMask = 2147483647;
			files = (
				C4336B881EE9C70700EFA74E /* ViewController.swift in Sources */,
				C4336B861EE9C70700EFA74E /* AppDelegate.swift in Sources */,
			);
			runOnlyForDeploymentPostprocessing = 0;
		};
/* End PBXSourcesBuildPhase section */

/* Begin PBXVariantGroup section */
		C4336B891EE9C70700EFA74E /* Main.storyboard */ = {
			isa = PBXVariantGroup;
			children = (
				C4336B8A1EE9C70700EFA74E /* Base */,
			);
			name = Main.storyboard;
			sourceTree = "<group>";
		};
		C4336B8E1EE9C70700EFA74E /* LaunchScreen.storyboard */ = {
			isa = PBXVariantGroup;
			children = (
				C4336B8F1EE9C70700EFA74E /* Base */,
			);
			name = LaunchScreen.storyboard;
			sourceTree = "<group>";
		};
/* End PBXVariantGroup section */

/* Begin XCBuildConfiguration section */
		C4336B921EE9C70700EFA74E /* Debug */ = {
			isa = XCBuildConfiguration;
			buildSettings = {
				ALWAYS_SEARCH_USER_PATHS = NO;
				CLANG_ANALYZER_NONNULL = YES;
				CLANG_ANALYZER_NUMBER_OBJECT_CONVERSION = YES_AGGRESSIVE;
				CLANG_CXX_LANGUAGE_STANDARD = "gnu++0x";
				CLANG_CXX_LIBRARY = "libc++";
				CLANG_ENABLE_MODULES = YES;
				CLANG_ENABLE_OBJC_ARC = YES;
				CLANG_WARN_BOOL_CONVERSION = YES;
				CLANG_WARN_CONSTANT_CONVERSION = YES;
				CLANG_WARN_DIRECT_OBJC_ISA_USAGE = YES_ERROR;
				CLANG_WARN_DOCUMENTATION_COMMENTS = YES;
				CLANG_WARN_EMPTY_BODY = YES;
				CLANG_WARN_ENUM_CONVERSION = YES;
				CLANG_WARN_INFINITE_RECURSION = YES;
				CLANG_WARN_INT_CONVERSION = YES;
				CLANG_WARN_OBJC_ROOT_CLASS = YES_ERROR;
				CLANG_WARN_SUSPICIOUS_MOVE = YES;
				CLANG_WARN_UNREACHABLE_CODE = YES;
				CLANG_WARN__DUPLICATE_METHOD_MATCH = YES;
				"CODE_SIGN_IDENTITY[sdk=iphoneos*]" = "iPhone Developer";
				COPY_PHASE_STRIP = NO;
				DEBUG_INFORMATION_FORMAT = dwarf;
				ENABLE_STRICT_OBJC_MSGSEND = YES;
				ENABLE_TESTABILITY = YES;
				GCC_C_LANGUAGE_STANDARD = gnu99;
				GCC_DYNAMIC_NO_PIC = NO;
				GCC_NO_COMMON_BLOCKS = YES;
				GCC_OPTIMIZATION_LEVEL = 0;
				GCC_PREPROCESSOR_DEFINITIONS = (
					"DEBUG=1",
					"$(inherited)",
				);
				GCC_WARN_64_TO_32_BIT_CONVERSION = YES;
				GCC_WARN_ABOUT_RETURN_TYPE = YES_ERROR;
				GCC_WARN_UNDECLARED_SELECTOR = YES;
				GCC_WARN_UNINITIALIZED_AUTOS = YES_AGGRESSIVE;
				GCC_WARN_UNUSED_FUNCTION = YES;
				GCC_WARN_UNUSED_VARIABLE = YES;
				IPHONEOS_DEPLOYMENT_TARGET = 10.3;
				MTL_ENABLE_DEBUG_INFO = YES;
				ONLY_ACTIVE_ARCH = YES;
				SDKROOT = iphoneos;
				SWIFT_ACTIVE_COMPILATION_CONDITIONS = DEBUG;
				SWIFT_OPTIMIZATION_LEVEL = "-Onone";
			};
			name = Debug;
		};
		C4336B931EE9C70700EFA74E /* Release */ = {
			isa = XCBuildConfiguration;
			buildSettings = {
				ALWAYS_SEARCH_USER_PATHS = NO;
				CLANG_ANALYZER_NONNULL = YES;
				CLANG_ANALYZER_NUMBER_OBJECT_CONVERSION = YES_AGGRESSIVE;
				CLANG_CXX_LANGUAGE_STANDARD = "gnu++0x";
				CLANG_CXX_LIBRARY = "libc++";
				CLANG_ENABLE_MODULES = YES;
				CLANG_ENABLE_OBJC_ARC = YES;
				CLANG_WARN_BOOL_CONVERSION = YES;
				CLANG_WARN_CONSTANT_CONVERSION = YES;
				CLANG_WARN_DIRECT_OBJC_ISA_USAGE = YES_ERROR;
				CLANG_WARN_DOCUMENTATION_COMMENTS = YES;
				CLANG_WARN_EMPTY_BODY = YES;
				CLANG_WARN_ENUM_CONVERSION = YES;
				CLANG_WARN_INFINITE_RECURSION = YES;
				CLANG_WARN_INT_CONVERSION = YES;
				CLANG_WARN_OBJC_ROOT_CLASS = YES_ERROR;
				CLANG_WARN_SUSPICIOUS_MOVE = YES;
				CLANG_WARN_UNREACHABLE_CODE = YES;
				CLANG_WARN__DUPLICATE_METHOD_MATCH = YES;
				"CODE_SIGN_IDENTITY[sdk=iphoneos*]" = "iPhone Developer";
				COPY_PHASE_STRIP = NO;
				DEBUG_INFORMATION_FORMAT = "dwarf-with-dsym";
				ENABLE_NS_ASSERTIONS = NO;
				ENABLE_STRICT_OBJC_MSGSEND = YES;
				GCC_C_LANGUAGE_STANDARD = gnu99;
				GCC_NO_COMMON_BLOCKS = YES;
				GCC_WARN_64_TO_32_BIT_CONVERSION = YES;
				GCC_WARN_ABOUT_RETURN_TYPE = YES_ERROR;
				GCC_WARN_UNDECLARED_SELECTOR = YES;
				GCC_WARN_UNINITIALIZED_AUTOS = YES_AGGRESSIVE;
				GCC_WARN_UNUSED_FUNCTION = YES;
				GCC_WARN_UNUSED_VARIABLE = YES;
				IPHONEOS_DEPLOYMENT_TARGET = 10.3;
				MTL_ENABLE_DEBUG_INFO = NO;
				SDKROOT = iphoneos;
				SWIFT_OPTIMIZATION_LEVEL = "-Owholemodule";
				VALIDATE_PRODUCT = YES;
			};
			name = Release;
		};
		C4336B951EE9C70700EFA74E /* Debug */ = {
			isa = XCBuildConfiguration;
			buildSettings = {
				ASSETCATALOG_COMPILER_APPICON_NAME = AppIcon;
				INFOPLIST_FILE = "Test Label TextField Button/Info.plist";
				LD_RUNPATH_SEARCH_PATHS = "$(inherited) @executable_path/Frameworks";
				PRODUCT_BUNDLE_IDENTIFIER = "app.MasterUNG.Test-Label-TextField-Button";
				PRODUCT_NAME = "$(TARGET_NAME)";
				SWIFT_VERSION = 3.0;
			};
			name = Debug;
		};
		C4336B961EE9C70700EFA74E /* Release */ = {
			isa = XCBuildConfiguration;
			buildSettings = {
				ASSETCATALOG_COMPILER_APPICON_NAME = AppIcon;
				INFOPLIST_FILE = "Test Label TextField Button/Info.plist";
				LD_RUNPATH_SEARCH_PATHS = "$(inherited) @executable_path/Frameworks";
				PRODUCT_BUNDLE_IDENTIFIER = "app.MasterUNG.Test-Label-TextField-Button";
				PRODUCT_NAME = "$(TARGET_NAME)";
				SWIFT_VERSION = 3.0;
			};
			name = Release;
		};
/* End XCBuildConfiguration section */

/* Begin XCConfigurationList section */
		C4336B7D1EE9C70700EFA74E /* Build configuration list for PBXProject "Test Label TextField Button" */ = {
			isa = XCConfigurationList;
			buildConfigurations = (
				C4336B921EE9C70700EFA74E /* Debug */,
				C4336B931EE9C70700EFA74E /* Release */,
			);
			defaultConfigurationIsVisible = 0;
			defaultConfigurationName = Release;
		};
		C4336B941EE9C70700EFA74E /* Build configuration list for PBXNativeTarget "Test Label TextField Button" */ = {
			isa = XCConfigurationList;
			buildConfigurations = (
				C4336B951EE9C70700EFA74E /* Debug */,
				C4336B961EE9C70700EFA74E /* Release */,
			);
			defaultConfigurationIsVisible = 0;
		};
/* End XCConfigurationList section */
	};
	rootObject = C4336B7A1EE9C70700EFA74E /* Project object */;
}
